
Microsoft Visual Studio Solution File, Format Version 12.00
# Visual Studio Version 16
VisualStudioVersion = 16.0.30204.135
MinimumVisualStudioVersion = 10.0.40219.1
Project("{FAE04EC0-301F-11D3-BF4B-00C04F79EFBC}") = "VueAspNotebook", "VueAspNotebook\VueAspNotebook.csproj", "{B45A6626-C804-467E-A3B0-2CA67A01414C}"
EndProject
Global
	GlobalSection(SolutionConfigurationPlatforms) = preSolution
		Debug|Any CPU = Debug|Any CPU
		Release|Any CPU = Release|Any CPU
	EndGlobalSection
	GlobalSection(ProjectConfigurationPlatforms) = postSolution
		{B45A6626-C804-467E-A3B0-2CA67A01414C}.Debug|Any CPU.ActiveCfg = Debug|Any CPU
		{B45A6626-C804-467E-A3B0-2CA67A01414C}.Debug|Any CPU.Build.0 = Debug|Any CPU
		{B45A6626-C804-467E-A3B0-2CA67A01414C}.Release|Any CPU.ActiveCfg = Release|Any CPU
		{B45A6626-C804-467E-A3B0-2CA67A01414C}.Release|Any CPU.Build.0 = Release|Any CPU
	EndGlobalSection
	GlobalSection(SolutionProperties) = preSolution
		HideSolutionNode = FALSE
	EndGlobalSection
	GlobalSection(ExtensibilityGlobals) = postSolution
		SolutionGuid = {BDBF1B8C-4180-4626-9276-0BC6E31764D9}
	EndGlobalSection
EndGlobal
